
Microsoft Visual Studio Solution File, Format Version 12.00
# Visual Studio Version 16
VisualStudioVersion = 16.0.29709.97
MinimumVisualStudioVersion = 10.0.40219.1
Project("{9A19103F-16F7-4668-BE54-9A1E7A4F7556}") = "MailCheck.TlsRpt.Entity", "MailCheck.TlsRpt.Entity\MailCheck.TlsRpt.Entity.csproj", "{F70DD660-DE58-4666-A4F9-53D69D1D7BCC}"
EndProject
Project("{2150E333-8FDC-42A3-9474-1A3956D46DE8}") = "src", "src", "{08420503-F895-45FB-93CD-37FF9AE6E277}"
EndProject
Project("{2150E333-8FDC-42A3-9474-1A3956D46DE8}") = "test", "test", "{3668346A-2434-4DB2-80E7-093C55578E38}"
EndProject
Project("{9A19103F-16F7-4668-BE54-9A1E7A4F7556}") = "MailCheck.TlsRpt.Entity.Test", "MailCheck.TlsRpt.Entity.Test\MailCheck.TlsRpt.Entity.Test.csproj", "{FC742051-46B7-42E4-9ABD-3C83774A48BD}"
EndProject
Project("{9A19103F-16F7-4668-BE54-9A1E7A4F7556}") = "MailCheck.TlsRpt.Api", "MailCheck.TlsRpt.Api\MailCheck.TlsRpt.Api.csproj", "{24325DBB-B66E-44E8-8537-886C2FB5E9B6}"
EndProject
Project("{9A19103F-16F7-4668-BE54-9A1E7A4F7556}") = "MailCheck.TlsRpt.Api.Test", "MailCheck.TlsRpt.Api.Test\MailCheck.TlsRpt.Api.Test.csproj", "{044A13E4-7B57-414E-BEC8-FC68E8CDAEBD}"
EndProject
Project("{9A19103F-16F7-4668-BE54-9A1E7A4F7556}") = "MailCheck.TlsRpt.Contracts", "MailCheck.TlsRpt.Contracts\MailCheck.TlsRpt.Contracts.csproj", "{0A9F24F1-564B-4C53-ADD1-553049F591FB}"
EndProject
Project("{9A19103F-16F7-4668-BE54-9A1E7A4F7556}") = "MailCheck.TlsRpt.Evaluator", "MailCheck.TlsRpt.Evaluator\MailCheck.TlsRpt.Evaluator.csproj", "{F97A5511-384B-4C52-BE28-7E2F2BEFEA02}"
EndProject
Project("{9A19103F-16F7-4668-BE54-9A1E7A4F7556}") = "MailCheck.TlsRpt.Evaluator.Test", "MailCheck.TlsRpt.Evaluator.Test\MailCheck.TlsRpt.Evaluator.Test.csproj", "{BD92AB32-F81C-4FD4-BDC5-D5EBAC772202}"
EndProject
Project("{9A19103F-16F7-4668-BE54-9A1E7A4F7556}") = "MailCheck.TlsRpt.Scheduler", "MailCheck.TlsRpt.Scheduler\MailCheck.TlsRpt.Scheduler.csproj", "{AB02DF47-9246-4580-89D5-CC57D03C889F}"
EndProject
Project("{9A19103F-16F7-4668-BE54-9A1E7A4F7556}") = "MailCheck.TlsRpt.Scheduler.Test", "MailCheck.TlsRpt.Scheduler.Test\MailCheck.TlsRpt.Scheduler.Test.csproj", "{95EA57E5-E2DB-417C-8BAA-C46AA5C37EEA}"
EndProject
Project("{9A19103F-16F7-4668-BE54-9A1E7A4F7556}") = "MailCheck.TlsRpt.Poller", "MailCheck.TlsRpt.Poller\MailCheck.TlsRpt.Poller.csproj", "{56D284D5-C47A-4CD2-B5A2-68DCF310FA24}"
EndProject
Project("{9A19103F-16F7-4668-BE54-9A1E7A4F7556}") = "MailCheck.TlsRpt.Poller.Test", "MailCheck.TlsRpt.Poller.Test\MailCheck.TlsRpt.Poller.Test.csproj", "{D748D382-B3E0-4748-B5D2-B968C49EE589}"
EndProject
Project("{9A19103F-16F7-4668-BE54-9A1E7A4F7556}") = "MailCheck.TlsRpt.EntityHistory", "MailCheck.TlsRpt.EntityHistory\MailCheck.TlsRpt.EntityHistory.csproj", "{77C45637-D27E-4482-94BF-5AE6A59C60EC}"
EndProject
Project("{9A19103F-16F7-4668-BE54-9A1E7A4F7556}") = "MailCheck.TlsRpt.EntityHistory.Test", "MailCheck.TlsRpt.EntityHistory.Test\MailCheck.TlsRpt.EntityHistory.Test.csproj", "{5E8EEE6A-F9BD-4CBB-A546-6824F7BBF45E}"
EndProject
Project("{9A19103F-16F7-4668-BE54-9A1E7A4F7556}") = "MailCheck.TlsRpt.Migration", "MailCheck.TlsRpt.Migration\MailCheck.TlsRpt.Migration.csproj", "{2BB7163A-74D7-46F4-943F-576AD501FF10}"
EndProject
Project("{9A19103F-16F7-4668-BE54-9A1E7A4F7556}") = "MailCheck.TlsRpt.Reports.Processor", "MailCheck.TlsRpt.Reports.Processor\MailCheck.TlsRpt.Reports.Processor.csproj", "{32E73547-3E3D-44E1-8B66-41363DB22DEB}"
EndProject
Project("{9A19103F-16F7-4668-BE54-9A1E7A4F7556}") = "MailCheck.TlsRpt.Reports.Processor.Test", "MailCheck.TlsRpt.Reports.Processor.Test\MailCheck.TlsRpt.Reports.Processor.Test.csproj", "{910ADACE-FDEC-46D4-842D-D434A227BD46}"
EndProject
Project("{9A19103F-16F7-4668-BE54-9A1E7A4F7556}") = "MailCheck.TlsRpt.Reports.Api", "MailCheck.TlsRpt.Reports.Api\MailCheck.TlsRpt.Reports.Api.csproj", "{49710B52-44E7-4160-ADE4-64A6BB2349F8}"
EndProject
Project("{9A19103F-16F7-4668-BE54-9A1E7A4F7556}") = "MailCheck.TlsRpt.Reports.Contracts", "MailCheck.TlsRpt.Reports.Contracts\MailCheck.TlsRpt.Reports.Contracts.csproj", "{D41B075F-CDBA-40F3-9364-FA6F50E93F78}"
EndProject
Project("{9A19103F-16F7-4668-BE54-9A1E7A4F7556}") = "MailCheck.TlsRpt.Reports.Api.Test", "MailCheck.TlsRpt.Reports.Api.Test\MailCheck.TlsRpt.Reports.Api.Test.csproj", "{4535418F-8C8B-46FF-85D8-320D52526F4C}"
EndProject
Project("{FAE04EC0-301F-11D3-BF4B-00C04F79EFBC}") = "MailCheck.TlsRpt.Reports.Entity", "MailCheck.TlsRpt.Reports.Entity\MailCheck.TlsRpt.Reports.Entity.csproj", "{550547E3-24BC-41E5-925C-920F04B77BBF}"
EndProject
Project("{FAE04EC0-301F-11D3-BF4B-00C04F79EFBC}") = "MailCheck.TlsRpt.Reports.Entity.Test", "MailCheck.TlsRpt.Reports.Entity.Test\MailCheck.TlsRpt.Reports.Entity.Test.csproj", "{5ED133FC-7A43-40BB-A38D-96BBF958FC0E}"
EndProject
Global
	GlobalSection(SolutionConfigurationPlatforms) = preSolution
		Debug|Any CPU = Debug|Any CPU
		Release|Any CPU = Release|Any CPU
	EndGlobalSection
	GlobalSection(ProjectConfigurationPlatforms) = postSolution
		{F70DD660-DE58-4666-A4F9-53D69D1D7BCC}.Debug|Any CPU.ActiveCfg = Debug|Any CPU
		{F70DD660-DE58-4666-A4F9-53D69D1D7BCC}.Debug|Any CPU.Build.0 = Debug|Any CPU
		{F70DD660-DE58-4666-A4F9-53D69D1D7BCC}.Release|Any CPU.ActiveCfg = Release|Any CPU
		{F70DD660-DE58-4666-A4F9-53D69D1D7BCC}.Release|Any CPU.Build.0 = Release|Any CPU
		{FC742051-46B7-42E4-9ABD-3C83774A48BD}.Debug|Any CPU.ActiveCfg = Debug|Any CPU
		{FC742051-46B7-42E4-9ABD-3C83774A48BD}.Debug|Any CPU.Build.0 = Debug|Any CPU
		{FC742051-46B7-42E4-9ABD-3C83774A48BD}.Release|Any CPU.ActiveCfg = Release|Any CPU
		{FC742051-46B7-42E4-9ABD-3C83774A48BD}.Release|Any CPU.Build.0 = Release|Any CPU
		{24325DBB-B66E-44E8-8537-886C2FB5E9B6}.Debug|Any CPU.ActiveCfg = Debug|Any CPU
		{24325DBB-B66E-44E8-8537-886C2FB5E9B6}.Debug|Any CPU.Build.0 = Debug|Any CPU
		{24325DBB-B66E-44E8-8537-886C2FB5E9B6}.Release|Any CPU.ActiveCfg = Release|Any CPU
		{24325DBB-B66E-44E8-8537-886C2FB5E9B6}.Release|Any CPU.Build.0 = Release|Any CPU
		{044A13E4-7B57-414E-BEC8-FC68E8CDAEBD}.Debug|Any CPU.ActiveCfg = Debug|Any CPU
		{044A13E4-7B57-414E-BEC8-FC68E8CDAEBD}.Debug|Any CPU.Build.0 = Debug|Any CPU
		{044A13E4-7B57-414E-BEC8-FC68E8CDAEBD}.Release|Any CPU.ActiveCfg = Release|Any CPU
		{044A13E4-7B57-414E-BEC8-FC68E8CDAEBD}.Release|Any CPU.Build.0 = Release|Any CPU
		{0A9F24F1-564B-4C53-ADD1-553049F591FB}.Debug|Any CPU.ActiveCfg = Debug|Any CPU
		{0A9F24F1-564B-4C53-ADD1-553049F591FB}.Debug|Any CPU.Build.0 = Debug|Any CPU
		{0A9F24F1-564B-4C53-ADD1-553049F591FB}.Release|Any CPU.ActiveCfg = Release|Any CPU
		{0A9F24F1-564B-4C53-ADD1-553049F591FB}.Release|Any CPU.Build.0 = Release|Any CPU
		{F97A5511-384B-4C52-BE28-7E2F2BEFEA02}.Debug|Any CPU.ActiveCfg = Debug|Any CPU
		{F97A5511-384B-4C52-BE28-7E2F2BEFEA02}.Debug|Any CPU.Build.0 = Debug|Any CPU
		{F97A5511-384B-4C52-BE28-7E2F2BEFEA02}.Release|Any CPU.ActiveCfg = Release|Any CPU
		{F97A5511-384B-4C52-BE28-7E2F2BEFEA02}.Release|Any CPU.Build.0 = Release|Any CPU
		{BD92AB32-F81C-4FD4-BDC5-D5EBAC772202}.Debug|Any CPU.ActiveCfg = Debug|Any CPU
		{BD92AB32-F81C-4FD4-BDC5-D5EBAC772202}.Debug|Any CPU.Build.0 = Debug|Any CPU
		{BD92AB32-F81C-4FD4-BDC5-D5EBAC772202}.Release|Any CPU.ActiveCfg = Release|Any CPU
		{BD92AB32-F81C-4FD4-BDC5-D5EBAC772202}.Release|Any CPU.Build.0 = Release|Any CPU
		{AB02DF47-9246-4580-89D5-CC57D03C889F}.Debug|Any CPU.ActiveCfg = Debug|Any CPU
		{AB02DF47-9246-4580-89D5-CC57D03C889F}.Debug|Any CPU.Build.0 = Debug|Any CPU
		{AB02DF47-9246-4580-89D5-CC57D03C889F}.Release|Any CPU.ActiveCfg = Release|Any CPU
		{AB02DF47-9246-4580-89D5-CC57D03C889F}.Release|Any CPU.Build.0 = Release|Any CPU
		{95EA57E5-E2DB-417C-8BAA-C46AA5C37EEA}.Debug|Any CPU.ActiveCfg = Debug|Any CPU
		{95EA57E5-E2DB-417C-8BAA-C46AA5C37EEA}.Debug|Any CPU.Build.0 = Debug|Any CPU
		{95EA57E5-E2DB-417C-8BAA-C46AA5C37EEA}.Release|Any CPU.ActiveCfg = Release|Any CPU
		{95EA57E5-E2DB-417C-8BAA-C46AA5C37EEA}.Release|Any CPU.Build.0 = Release|Any CPU
		{56D284D5-C47A-4CD2-B5A2-68DCF310FA24}.Debug|Any CPU.ActiveCfg = Debug|Any CPU
		{56D284D5-C47A-4CD2-B5A2-68DCF310FA24}.Debug|Any CPU.Build.0 = Debug|Any CPU
		{56D284D5-C47A-4CD2-B5A2-68DCF310FA24}.Release|Any CPU.ActiveCfg = Release|Any CPU
		{56D284D5-C47A-4CD2-B5A2-68DCF310FA24}.Release|Any CPU.Build.0 = Release|Any CPU
		{D748D382-B3E0-4748-B5D2-B968C49EE589}.Debug|Any CPU.ActiveCfg = Debug|Any CPU
		{D748D382-B3E0-4748-B5D2-B968C49EE589}.Debug|Any CPU.Build.0 = Debug|Any CPU
		{D748D382-B3E0-4748-B5D2-B968C49EE589}.Release|Any CPU.ActiveCfg = Release|Any CPU
		{D748D382-B3E0-4748-B5D2-B968C49EE589}.Release|Any CPU.Build.0 = Release|Any CPU
		{77C45637-D27E-4482-94BF-5AE6A59C60EC}.Debug|Any CPU.ActiveCfg = Debug|Any CPU
		{77C45637-D27E-4482-94BF-5AE6A59C60EC}.Debug|Any CPU.Build.0 = Debug|Any CPU
		{77C45637-D27E-4482-94BF-5AE6A59C60EC}.Release|Any CPU.ActiveCfg = Release|Any CPU
		{77C45637-D27E-4482-94BF-5AE6A59C60EC}.Release|Any CPU.Build.0 = Release|Any CPU
		{5E8EEE6A-F9BD-4CBB-A546-6824F7BBF45E}.Debug|Any CPU.ActiveCfg = Debug|Any CPU
		{5E8EEE6A-F9BD-4CBB-A546-6824F7BBF45E}.Debug|Any CPU.Build.0 = Debug|Any CPU
		{5E8EEE6A-F9BD-4CBB-A546-6824F7BBF45E}.Release|Any CPU.ActiveCfg = Release|Any CPU
		{5E8EEE6A-F9BD-4CBB-A546-6824F7BBF45E}.Release|Any CPU.Build.0 = Release|Any CPU
		{2BB7163A-74D7-46F4-943F-576AD501FF10}.Debug|Any CPU.ActiveCfg = Debug|Any CPU
		{2BB7163A-74D7-46F4-943F-576AD501FF10}.Debug|Any CPU.Build.0 = Debug|Any CPU
		{2BB7163A-74D7-46F4-943F-576AD501FF10}.Release|Any CPU.ActiveCfg = Release|Any CPU
		{2BB7163A-74D7-46F4-943F-576AD501FF10}.Release|Any CPU.Build.0 = Release|Any CPU
		{32E73547-3E3D-44E1-8B66-41363DB22DEB}.Debug|Any CPU.ActiveCfg = Debug|Any CPU
		{32E73547-3E3D-44E1-8B66-41363DB22DEB}.Debug|Any CPU.Build.0 = Debug|Any CPU
		{32E73547-3E3D-44E1-8B66-41363DB22DEB}.Release|Any CPU.ActiveCfg = Release|Any CPU
		{32E73547-3E3D-44E1-8B66-41363DB22DEB}.Release|Any CPU.Build.0 = Release|Any CPU
		{910ADACE-FDEC-46D4-842D-D434A227BD46}.Debug|Any CPU.ActiveCfg = Debug|Any CPU
		{910ADACE-FDEC-46D4-842D-D434A227BD46}.Debug|Any CPU.Build.0 = Debug|Any CPU
		{910ADACE-FDEC-46D4-842D-D434A227BD46}.Release|Any CPU.ActiveCfg = Release|Any CPU
		{910ADACE-FDEC-46D4-842D-D434A227BD46}.Release|Any CPU.Build.0 = Release|Any CPU
		{49710B52-44E7-4160-ADE4-64A6BB2349F8}.Debug|Any CPU.ActiveCfg = Debug|Any CPU
		{49710B52-44E7-4160-ADE4-64A6BB2349F8}.Debug|Any CPU.Build.0 = Debug|Any CPU
		{49710B52-44E7-4160-ADE4-64A6BB2349F8}.Release|Any CPU.ActiveCfg = Release|Any CPU
		{49710B52-44E7-4160-ADE4-64A6BB2349F8}.Release|Any CPU.Build.0 = Release|Any CPU
		{D41B075F-CDBA-40F3-9364-FA6F50E93F78}.Debug|Any CPU.ActiveCfg = Debug|Any CPU
		{D41B075F-CDBA-40F3-9364-FA6F50E93F78}.Debug|Any CPU.Build.0 = Debug|Any CPU
		{D41B075F-CDBA-40F3-9364-FA6F50E93F78}.Release|Any CPU.ActiveCfg = Release|Any CPU
		{D41B075F-CDBA-40F3-9364-FA6F50E93F78}.Release|Any CPU.Build.0 = Release|Any CPU
		{4535418F-8C8B-46FF-85D8-320D52526F4C}.Debug|Any CPU.ActiveCfg = Debug|Any CPU
		{4535418F-8C8B-46FF-85D8-320D52526F4C}.Debug|Any CPU.Build.0 = Debug|Any CPU
		{4535418F-8C8B-46FF-85D8-320D52526F4C}.Release|Any CPU.ActiveCfg = Release|Any CPU
		{4535418F-8C8B-46FF-85D8-320D52526F4C}.Release|Any CPU.Build.0 = Release|Any CPU
		{550547E3-24BC-41E5-925C-920F04B77BBF}.Debug|Any CPU.ActiveCfg = Debug|Any CPU
		{550547E3-24BC-41E5-925C-920F04B77BBF}.Debug|Any CPU.Build.0 = Debug|Any CPU
		{550547E3-24BC-41E5-925C-920F04B77BBF}.Release|Any CPU.ActiveCfg = Release|Any CPU
		{550547E3-24BC-41E5-925C-920F04B77BBF}.Release|Any CPU.Build.0 = Release|Any CPU
		{5ED133FC-7A43-40BB-A38D-96BBF958FC0E}.Debug|Any CPU.ActiveCfg = Debug|Any CPU
		{5ED133FC-7A43-40BB-A38D-96BBF958FC0E}.Debug|Any CPU.Build.0 = Debug|Any CPU
		{5ED133FC-7A43-40BB-A38D-96BBF958FC0E}.Release|Any CPU.ActiveCfg = Release|Any CPU
		{5ED133FC-7A43-40BB-A38D-96BBF958FC0E}.Release|Any CPU.Build.0 = Release|Any CPU
	EndGlobalSection
	GlobalSection(SolutionProperties) = preSolution
		HideSolutionNode = FALSE
	EndGlobalSection
	GlobalSection(NestedProjects) = preSolution
		{F70DD660-DE58-4666-A4F9-53D69D1D7BCC} = {08420503-F895-45FB-93CD-37FF9AE6E277}
		{FC742051-46B7-42E4-9ABD-3C83774A48BD} = {3668346A-2434-4DB2-80E7-093C55578E38}
		{24325DBB-B66E-44E8-8537-886C2FB5E9B6} = {08420503-F895-45FB-93CD-37FF9AE6E277}
		{044A13E4-7B57-414E-BEC8-FC68E8CDAEBD} = {3668346A-2434-4DB2-80E7-093C55578E38}
		{0A9F24F1-564B-4C53-ADD1-553049F591FB} = {08420503-F895-45FB-93CD-37FF9AE6E277}
		{F97A5511-384B-4C52-BE28-7E2F2BEFEA02} = {08420503-F895-45FB-93CD-37FF9AE6E277}
		{BD92AB32-F81C-4FD4-BDC5-D5EBAC772202} = {3668346A-2434-4DB2-80E7-093C55578E38}
		{AB02DF47-9246-4580-89D5-CC57D03C889F} = {08420503-F895-45FB-93CD-37FF9AE6E277}
		{95EA57E5-E2DB-417C-8BAA-C46AA5C37EEA} = {3668346A-2434-4DB2-80E7-093C55578E38}
		{56D284D5-C47A-4CD2-B5A2-68DCF310FA24} = {08420503-F895-45FB-93CD-37FF9AE6E277}
		{D748D382-B3E0-4748-B5D2-B968C49EE589} = {3668346A-2434-4DB2-80E7-093C55578E38}
		{77C45637-D27E-4482-94BF-5AE6A59C60EC} = {08420503-F895-45FB-93CD-37FF9AE6E277}
		{5E8EEE6A-F9BD-4CBB-A546-6824F7BBF45E} = {3668346A-2434-4DB2-80E7-093C55578E38}
		{2BB7163A-74D7-46F4-943F-576AD501FF10} = {08420503-F895-45FB-93CD-37FF9AE6E277}
		{32E73547-3E3D-44E1-8B66-41363DB22DEB} = {08420503-F895-45FB-93CD-37FF9AE6E277}
		{910ADACE-FDEC-46D4-842D-D434A227BD46} = {3668346A-2434-4DB2-80E7-093C55578E38}
		{49710B52-44E7-4160-ADE4-64A6BB2349F8} = {08420503-F895-45FB-93CD-37FF9AE6E277}
		{D41B075F-CDBA-40F3-9364-FA6F50E93F78} = {08420503-F895-45FB-93CD-37FF9AE6E277}
		{4535418F-8C8B-46FF-85D8-320D52526F4C} = {3668346A-2434-4DB2-80E7-093C55578E38}
		{550547E3-24BC-41E5-925C-920F04B77BBF} = {08420503-F895-45FB-93CD-37FF9AE6E277}
		{5ED133FC-7A43-40BB-A38D-96BBF958FC0E} = {3668346A-2434-4DB2-80E7-093C55578E38}
	EndGlobalSection
	GlobalSection(ExtensibilityGlobals) = postSolution
		SolutionGuid = {900BCC9F-4329-423A-86DF-A23D704AFD9A}
	EndGlobalSection
EndGlobal
